// !$*UTF8*$!
{
	archiveVersion = 1;
	classes = {
	};
	objectVersion = 55;
	objects = {

/* Begin PBXBuildFile section */
		07D2B317C7A11919CF57E417 /* SomeLocationTableViewCellViewUnit.swift in Sources */ = {isa = PBXBuildFile; fileRef = 95DEA894DB508F3BA9439188 /* SomeLocationTableViewCellViewUnit.swift */; };
		186C5466280991E100D216BB /* AppDelegate.swift in Sources */ = {isa = PBXBuildFile; fileRef = 186C5465280991E100D216BB /* AppDelegate.swift */; };
		186C5468280991E100D216BB /* SceneDelegate.swift in Sources */ = {isa = PBXBuildFile; fileRef = 186C5467280991E100D216BB /* SceneDelegate.swift */; };
		186C546A280991E100D216BB /* LocationListViewController.swift in Sources */ = {isa = PBXBuildFile; fileRef = 186C5469280991E100D216BB /* LocationListViewController.swift */; };
		186C546D280991E100D216BB /* Main.storyboard in Resources */ = {isa = PBXBuildFile; fileRef = 186C546B280991E100D216BB /* Main.storyboard */; };
		186C546F280991E400D216BB /* Assets.xcassets in Resources */ = {isa = PBXBuildFile; fileRef = 186C546E280991E400D216BB /* Assets.xcassets */; };
		186C5472280991E400D216BB /* LaunchScreen.storyboard in Resources */ = {isa = PBXBuildFile; fileRef = 186C5470280991E400D216BB /* LaunchScreen.storyboard */; };
		186C547F2809936100D216BB /* LocationListViewModel.swift in Sources */ = {isa = PBXBuildFile; fileRef = 186C547E2809936100D216BB /* LocationListViewModel.swift */; };
		186C54812809966900D216BB /* Location.swift in Sources */ = {isa = PBXBuildFile; fileRef = 186C54802809966900D216BB /* Location.swift */; };
		186C54832809999300D216BB /* LocationsRepository.swift in Sources */ = {isa = PBXBuildFile; fileRef = 186C54822809999300D216BB /* LocationsRepository.swift */; };
		186C5487280999AD00D216BB /* LocationsRepositoryProtocol.swift in Sources */ = {isa = PBXBuildFile; fileRef = 186C5486280999AD00D216BB /* LocationsRepositoryProtocol.swift */; };
		186C54892809A31E00D216BB /* LocationTableViewCell.swift in Sources */ = {isa = PBXBuildFile; fileRef = 186C54882809A31E00D216BB /* LocationTableViewCell.swift */; };
		186C548B2809A52000D216BB /* LocationCellModel.swift in Sources */ = {isa = PBXBuildFile; fileRef = 186C548A2809A52000D216BB /* LocationCellModel.swift */; };
		186C548E2809A64A00D216BB /* ImagesRepository.swift in Sources */ = {isa = PBXBuildFile; fileRef = 186C548D2809A64A00D216BB /* ImagesRepository.swift */; };
		186C54902809A65700D216BB /* ImagesRepositoryProtocol.swift in Sources */ = {isa = PBXBuildFile; fileRef = 186C548F2809A65700D216BB /* ImagesRepositoryProtocol.swift */; };
		186C54932809A7F400D216BB /* ImagesRepositoryError.swift in Sources */ = {isa = PBXBuildFile; fileRef = 186C54922809A7F400D216BB /* ImagesRepositoryError.swift */; };
		18A9FD232809B59B0011FA26 /* LocationListViewModelProtocol.swift in Sources */ = {isa = PBXBuildFile; fileRef = 18A9FD222809B59B0011FA26 /* LocationListViewModelProtocol.swift */; };
		18A9FD252809BACB0011FA26 /* LocationListRouter.swift in Sources */ = {isa = PBXBuildFile; fileRef = 18A9FD242809BACB0011FA26 /* LocationListRouter.swift */; };
		18A9FD272809BAE50011FA26 /* Router.swift in Sources */ = {isa = PBXBuildFile; fileRef = 18A9FD262809BAE50011FA26 /* Router.swift */; };
		18A9FD2A2809BB130011FA26 /* Step.swift in Sources */ = {isa = PBXBuildFile; fileRef = 18A9FD292809BB130011FA26 /* Step.swift */; };
		18A9FD2C2809BB7F0011FA26 /* LocationListRouterStep.swift in Sources */ = {isa = PBXBuildFile; fileRef = 18A9FD2B2809BB7F0011FA26 /* LocationListRouterStep.swift */; };
		18A9FD2F2809CB200011FA26 /* LocationsRepositoryError.swift in Sources */ = {isa = PBXBuildFile; fileRef = 18A9FD2E2809CB200011FA26 /* LocationsRepositoryError.swift */; };
		18A9FD332809CCD00011FA26 /* LocationListConfigurator.swift in Sources */ = {isa = PBXBuildFile; fileRef = 18A9FD322809CCD00011FA26 /* LocationListConfigurator.swift */; };
		19501A4BAE9E3FC31FE766CD /* LocationsView.swift in Sources */ = {isa = PBXBuildFile; fileRef = F18B9C3A03419163D0A99C4A /* LocationsView.swift */; };
		1CD21110676C866389F38C93 /* LocationsConfigurator.swift in Sources */ = {isa = PBXBuildFile; fileRef = 93C466085C576766E378B4B0 /* LocationsConfigurator.swift */; };
		29D9F8C5474CCEA37E1A2180 /* SomeLocationTableViewCellViewModel.swift in Sources */ = {isa = PBXBuildFile; fileRef = 1B4CDE1FF9B300DA3DA2EF21 /* SomeLocationTableViewCellViewModel.swift */; };
		338FC4885E2C0EBADECB540F /* LocationsViewUnit.swift in Sources */ = {isa = PBXBuildFile; fileRef = 3A5A72546D8F35592663CB59 /* LocationsViewUnit.swift */; };
		4EE267DC88CC9285B1241214 /* SomeLocationTableViewCell.swift in Sources */ = {isa = PBXBuildFile; fileRef = 6532966CFE22DCEFC8A457A3 /* SomeLocationTableViewCell.swift */; };
		C323939C280A196900FF3976 /* ReactiveReusable.swift in Sources */ = {isa = PBXBuildFile; fileRef = C323939B280A196900FF3976 /* ReactiveReusable.swift */; };
		C323939E280A1E0300FF3976 /* EventTrackerType.swift in Sources */ = {isa = PBXBuildFile; fileRef = C323939D280A1E0300FF3976 /* EventTrackerType.swift */; };
		C32393A0280A1E4100FF3976 /* AnyEventTracker.swift in Sources */ = {isa = PBXBuildFile; fileRef = C323939F280A1E4100FF3976 /* AnyEventTracker.swift */; };
		C32393A3280A239600FF3976 /* SnapKit in Frameworks */ = {isa = PBXBuildFile; productRef = C32393A2280A239600FF3976 /* SnapKit */; };
		C32393AD280A3B7200FF3976 /* Combine+WithLatestFrom.swift in Sources */ = {isa = PBXBuildFile; fileRef = C32393AC280A3B7200FF3976 /* Combine+WithLatestFrom.swift */; };
		C32393B0280A3D5000FF3976 /* Appliable.swift in Sources */ = {isa = PBXBuildFile; fileRef = C32393AF280A3D5000FF3976 /* Appliable.swift */; };
		C32393B2280A3D6A00FF3976 /* Runnable.swift in Sources */ = {isa = PBXBuildFile; fileRef = C32393B1280A3D6A00FF3976 /* Runnable.swift */; };
		C32393B4280A423E00FF3976 /* Combine+ControlEvent.swift in Sources */ = {isa = PBXBuildFile; fileRef = C32393B3280A423E00FF3976 /* Combine+ControlEvent.swift */; };
		C34F37E12809ED8100DC3B63 /* UnitType.swift in Sources */ = {isa = PBXBuildFile; fileRef = C34F37E02809ED8100DC3B63 /* UnitType.swift */; };
		C34F37E32809EDA000DC3B63 /* AnyUnit.swift in Sources */ = {isa = PBXBuildFile; fileRef = C34F37E22809EDA000DC3B63 /* AnyUnit.swift */; };
		C34F37E52809EDC000DC3B63 /* ViewModelBindable.swift in Sources */ = {isa = PBXBuildFile; fileRef = C34F37E42809EDC000DC3B63 /* ViewModelBindable.swift */; };
		C34F37E72809EDD700DC3B63 /* ViewModelType.swift in Sources */ = {isa = PBXBuildFile; fileRef = C34F37E62809EDD700DC3B63 /* ViewModelType.swift */; };
		C34F37E92809EDFD00DC3B63 /* AnyViewModel.swift in Sources */ = {isa = PBXBuildFile; fileRef = C34F37E82809EDFD00DC3B63 /* AnyViewModel.swift */; };
		C34F37F12809F0F600DC3B63 /* Combine_UIKit_Tests.swift in Sources */ = {isa = PBXBuildFile; fileRef = C34F37F02809F0F600DC3B63 /* Combine_UIKit_Tests.swift */; };
		C3EC56C62816A5F4004220FF /* Swinject in Frameworks */ = {isa = PBXBuildFile; productRef = C3EC56C52816A5F4004220FF /* Swinject */; };
		C3EC56CA2816A8D0004220FF /* Markers.swift in Sources */ = {isa = PBXBuildFile; fileRef = C3EC56C92816A8D0004220FF /* Markers.swift */; };
		C3EC56CC2816AF17004220FF /* AutoResolveFactoryMethod.generated.swift in Sources */ = {isa = PBXBuildFile; fileRef = C3EC56CB2816AF17004220FF /* AutoResolveFactoryMethod.generated.swift */; };
		C3EC56CE2816BA24004220FF /* AutoAssemblyConst.generated.swift in Sources */ = {isa = PBXBuildFile; fileRef = C3EC56CD2816BA24004220FF /* AutoAssemblyConst.generated.swift */; };
		D331FCEAAC20921F95051CD8 /* LocationsViewModel.swift in Sources */ = {isa = PBXBuildFile; fileRef = 3DF3141885EEA06E89ECD213 /* LocationsViewModel.swift */; };
		DE20C815F56F956DD2B82D14 /* LocationsViewController.swift in Sources */ = {isa = PBXBuildFile; fileRef = 2812763FB36176CA4AB9B2F6 /* LocationsViewController.swift */; };
/* End PBXBuildFile section */

/* Begin PBXContainerItemProxy section */
		C34F37F22809F0F600DC3B63 /* PBXContainerItemProxy */ = {
			isa = PBXContainerItemProxy;
			containerPortal = 186C545A280991E100D216BB /* Project object */;
			proxyType = 1;
			remoteGlobalIDString = 186C5461280991E100D216BB;
			remoteInfo = "Combine(UIKit)";
		};
/* End PBXContainerItemProxy section */

/* Begin PBXFileReference section */
		186C5462280991E100D216BB /* Combine(UIKit).app */ = {isa = PBXFileReference; explicitFileType = wrapper.application; includeInIndex = 0; path = "Combine(UIKit).app"; sourceTree = BUILT_PRODUCTS_DIR; };
		186C5465280991E100D216BB /* AppDelegate.swift */ = {isa = PBXFileReference; lastKnownFileType = sourcecode.swift; path = AppDelegate.swift; sourceTree = "<group>"; };
		186C5467280991E100D216BB /* SceneDelegate.swift */ = {isa = PBXFileReference; lastKnownFileType = sourcecode.swift; path = SceneDelegate.swift; sourceTree = "<group>"; };
		186C5469280991E100D216BB /* LocationListViewController.swift */ = {isa = PBXFileReference; lastKnownFileType = sourcecode.swift; path = LocationListViewController.swift; sourceTree = "<group>"; };
		186C546C280991E100D216BB /* Base */ = {isa = PBXFileReference; lastKnownFileType = file.storyboard; name = Base; path = Base.lproj/Main.storyboard; sourceTree = "<group>"; };
		186C546E280991E400D216BB /* Assets.xcassets */ = {isa = PBXFileReference; lastKnownFileType = folder.assetcatalog; path = Assets.xcassets; sourceTree = "<group>"; };
		186C5471280991E400D216BB /* Base */ = {isa = PBXFileReference; lastKnownFileType = file.storyboard; name = Base; path = Base.lproj/LaunchScreen.storyboard; sourceTree = "<group>"; };
		186C5473280991E400D216BB /* Info.plist */ = {isa = PBXFileReference; lastKnownFileType = text.plist.xml; path = Info.plist; sourceTree = "<group>"; };
		186C547E2809936100D216BB /* LocationListViewModel.swift */ = {isa = PBXFileReference; lastKnownFileType = sourcecode.swift; path = LocationListViewModel.swift; sourceTree = "<group>"; };
		186C54802809966900D216BB /* Location.swift */ = {isa = PBXFileReference; lastKnownFileType = sourcecode.swift; path = Location.swift; sourceTree = "<group>"; };
		186C54822809999300D216BB /* LocationsRepository.swift */ = {isa = PBXFileReference; lastKnownFileType = sourcecode.swift; path = LocationsRepository.swift; sourceTree = "<group>"; };
		186C5486280999AD00D216BB /* LocationsRepositoryProtocol.swift */ = {isa = PBXFileReference; lastKnownFileType = sourcecode.swift; path = LocationsRepositoryProtocol.swift; sourceTree = "<group>"; };
		186C54882809A31E00D216BB /* LocationTableViewCell.swift */ = {isa = PBXFileReference; lastKnownFileType = sourcecode.swift; path = LocationTableViewCell.swift; sourceTree = "<group>"; };
		186C548A2809A52000D216BB /* LocationCellModel.swift */ = {isa = PBXFileReference; lastKnownFileType = sourcecode.swift; path = LocationCellModel.swift; sourceTree = "<group>"; };
		186C548D2809A64A00D216BB /* ImagesRepository.swift */ = {isa = PBXFileReference; lastKnownFileType = sourcecode.swift; path = ImagesRepository.swift; sourceTree = "<group>"; };
		186C548F2809A65700D216BB /* ImagesRepositoryProtocol.swift */ = {isa = PBXFileReference; lastKnownFileType = sourcecode.swift; path = ImagesRepositoryProtocol.swift; sourceTree = "<group>"; };
		186C54922809A7F400D216BB /* ImagesRepositoryError.swift */ = {isa = PBXFileReference; lastKnownFileType = sourcecode.swift; path = ImagesRepositoryError.swift; sourceTree = "<group>"; };
		18A9FD222809B59B0011FA26 /* LocationListViewModelProtocol.swift */ = {isa = PBXFileReference; lastKnownFileType = sourcecode.swift; path = LocationListViewModelProtocol.swift; sourceTree = "<group>"; };
		18A9FD242809BACB0011FA26 /* LocationListRouter.swift */ = {isa = PBXFileReference; lastKnownFileType = sourcecode.swift; path = LocationListRouter.swift; sourceTree = "<group>"; };
		18A9FD262809BAE50011FA26 /* Router.swift */ = {isa = PBXFileReference; lastKnownFileType = sourcecode.swift; path = Router.swift; sourceTree = "<group>"; };
		18A9FD292809BB130011FA26 /* Step.swift */ = {isa = PBXFileReference; lastKnownFileType = sourcecode.swift; path = Step.swift; sourceTree = "<group>"; };
		18A9FD2B2809BB7F0011FA26 /* LocationListRouterStep.swift */ = {isa = PBXFileReference; lastKnownFileType = sourcecode.swift; path = LocationListRouterStep.swift; sourceTree = "<group>"; };
		18A9FD2E2809CB200011FA26 /* LocationsRepositoryError.swift */ = {isa = PBXFileReference; lastKnownFileType = sourcecode.swift; path = LocationsRepositoryError.swift; sourceTree = "<group>"; };
		18A9FD322809CCD00011FA26 /* LocationListConfigurator.swift */ = {isa = PBXFileReference; lastKnownFileType = sourcecode.swift; path = LocationListConfigurator.swift; sourceTree = "<group>"; };
		1B4CDE1FF9B300DA3DA2EF21 /* SomeLocationTableViewCellViewModel.swift */ = {isa = PBXFileReference; includeInIndex = 1; lastKnownFileType = sourcecode.swift; path = SomeLocationTableViewCellViewModel.swift; sourceTree = "<group>"; };
		2812763FB36176CA4AB9B2F6 /* LocationsViewController.swift */ = {isa = PBXFileReference; includeInIndex = 1; lastKnownFileType = sourcecode.swift; path = LocationsViewController.swift; sourceTree = "<group>"; };
		3A5A72546D8F35592663CB59 /* LocationsViewUnit.swift */ = {isa = PBXFileReference; includeInIndex = 1; lastKnownFileType = sourcecode.swift; path = LocationsViewUnit.swift; sourceTree = "<group>"; };
		3DF3141885EEA06E89ECD213 /* LocationsViewModel.swift */ = {isa = PBXFileReference; includeInIndex = 1; lastKnownFileType = sourcecode.swift; path = LocationsViewModel.swift; sourceTree = "<group>"; };
		6532966CFE22DCEFC8A457A3 /* SomeLocationTableViewCell.swift */ = {isa = PBXFileReference; includeInIndex = 1; lastKnownFileType = sourcecode.swift; path = SomeLocationTableViewCell.swift; sourceTree = "<group>"; };
		93C466085C576766E378B4B0 /* LocationsConfigurator.swift */ = {isa = PBXFileReference; includeInIndex = 1; lastKnownFileType = sourcecode.swift; path = LocationsConfigurator.swift; sourceTree = "<group>"; };
		95DEA894DB508F3BA9439188 /* SomeLocationTableViewCellViewUnit.swift */ = {isa = PBXFileReference; includeInIndex = 1; lastKnownFileType = sourcecode.swift; path = SomeLocationTableViewCellViewUnit.swift; sourceTree = "<group>"; };
		C323939B280A196900FF3976 /* ReactiveReusable.swift */ = {isa = PBXFileReference; lastKnownFileType = sourcecode.swift; path = ReactiveReusable.swift; sourceTree = "<group>"; };
		C323939D280A1E0300FF3976 /* EventTrackerType.swift */ = {isa = PBXFileReference; lastKnownFileType = sourcecode.swift; path = EventTrackerType.swift; sourceTree = "<group>"; };
		C323939F280A1E4100FF3976 /* AnyEventTracker.swift */ = {isa = PBXFileReference; lastKnownFileType = sourcecode.swift; path = AnyEventTracker.swift; sourceTree = "<group>"; };
		C32393AC280A3B7200FF3976 /* Combine+WithLatestFrom.swift */ = {isa = PBXFileReference; lastKnownFileType = sourcecode.swift; path = "Combine+WithLatestFrom.swift"; sourceTree = "<group>"; };
		C32393AF280A3D5000FF3976 /* Appliable.swift */ = {isa = PBXFileReference; lastKnownFileType = sourcecode.swift; path = Appliable.swift; sourceTree = "<group>"; };
		C32393B1280A3D6A00FF3976 /* Runnable.swift */ = {isa = PBXFileReference; lastKnownFileType = sourcecode.swift; path = Runnable.swift; sourceTree = "<group>"; };
		C32393B3280A423E00FF3976 /* Combine+ControlEvent.swift */ = {isa = PBXFileReference; lastKnownFileType = sourcecode.swift; path = "Combine+ControlEvent.swift"; sourceTree = "<group>"; };
		C34F37E02809ED8100DC3B63 /* UnitType.swift */ = {isa = PBXFileReference; lastKnownFileType = sourcecode.swift; path = UnitType.swift; sourceTree = "<group>"; };
		C34F37E22809EDA000DC3B63 /* AnyUnit.swift */ = {isa = PBXFileReference; lastKnownFileType = sourcecode.swift; path = AnyUnit.swift; sourceTree = "<group>"; };
		C34F37E42809EDC000DC3B63 /* ViewModelBindable.swift */ = {isa = PBXFileReference; lastKnownFileType = sourcecode.swift; path = ViewModelBindable.swift; sourceTree = "<group>"; };
		C34F37E62809EDD700DC3B63 /* ViewModelType.swift */ = {isa = PBXFileReference; lastKnownFileType = sourcecode.swift; path = ViewModelType.swift; sourceTree = "<group>"; };
		C34F37E82809EDFD00DC3B63 /* AnyViewModel.swift */ = {isa = PBXFileReference; lastKnownFileType = sourcecode.swift; path = AnyViewModel.swift; sourceTree = "<group>"; };
		C34F37EE2809F0F600DC3B63 /* Combine(UIKit)Tests.xctest */ = {isa = PBXFileReference; explicitFileType = wrapper.cfbundle; includeInIndex = 0; path = "Combine(UIKit)Tests.xctest"; sourceTree = BUILT_PRODUCTS_DIR; };
		C34F37F02809F0F600DC3B63 /* Combine_UIKit_Tests.swift */ = {isa = PBXFileReference; lastKnownFileType = sourcecode.swift; path = Combine_UIKit_Tests.swift; sourceTree = "<group>"; };
		C3EC56C92816A8D0004220FF /* Markers.swift */ = {isa = PBXFileReference; lastKnownFileType = sourcecode.swift; path = Markers.swift; sourceTree = "<group>"; };
		C3EC56CB2816AF17004220FF /* AutoResolveFactoryMethod.generated.swift */ = {isa = PBXFileReference; fileEncoding = 4; lastKnownFileType = sourcecode.swift; path = AutoResolveFactoryMethod.generated.swift; sourceTree = "<group>"; };
		C3EC56CD2816BA24004220FF /* AutoAssemblyConst.generated.swift */ = {isa = PBXFileReference; fileEncoding = 4; lastKnownFileType = sourcecode.swift; path = AutoAssemblyConst.generated.swift; sourceTree = "<group>"; };
		F18B9C3A03419163D0A99C4A /* LocationsView.swift */ = {isa = PBXFileReference; includeInIndex = 1; lastKnownFileType = sourcecode.swift; path = LocationsView.swift; sourceTree = "<group>"; };
/* End PBXFileReference section */

/* Begin PBXFrameworksBuildPhase section */
		186C545F280991E100D216BB /* Frameworks */ = {
			isa = PBXFrameworksBuildPhase;
			buildActionMask = 2147483647;
			files = (
				C32393A3280A239600FF3976 /* SnapKit in Frameworks */,
				C3EC56C62816A5F4004220FF /* Swinject in Frameworks */,
			);
			runOnlyForDeploymentPostprocessing = 0;
		};
		C34F37EB2809F0F600DC3B63 /* Frameworks */ = {
			isa = PBXFrameworksBuildPhase;
			buildActionMask = 2147483647;
			files = (
			);
			runOnlyForDeploymentPostprocessing = 0;
		};
/* End PBXFrameworksBuildPhase section */

/* Begin PBXGroup section */
		186C5459280991E100D216BB = {
			isa = PBXGroup;
			children = (
				186C5464280991E100D216BB /* Combine(UIKit) */,
				C34F37EF2809F0F600DC3B63 /* Combine(UIKit)Tests */,
				186C5463280991E100D216BB /* Products */,
			);
			sourceTree = "<group>";
		};
		186C5463280991E100D216BB /* Products */ = {
			isa = PBXGroup;
			children = (
				186C5462280991E100D216BB /* Combine(UIKit).app */,
				C34F37EE2809F0F600DC3B63 /* Combine(UIKit)Tests.xctest */,
			);
			name = Products;
			sourceTree = "<group>";
		};
		186C5464280991E100D216BB /* Combine(UIKit) */ = {
			isa = PBXGroup;
			children = (
				186C5465280991E100D216BB /* AppDelegate.swift */,
				186C5467280991E100D216BB /* SceneDelegate.swift */,
				C34F37DE2809ECDB00DC3B63 /* Tools */,
				18A9FD282809BAEA0011FA26 /* Navigation */,
				186C54842809999900D216BB /* Repositories */,
				186C54792809928300D216BB /* Screens */,
				C3EC56C82816A889004220FF /* Autogenerated */,
				186C546B280991E100D216BB /* Main.storyboard */,
				186C546E280991E400D216BB /* Assets.xcassets */,
				186C5470280991E400D216BB /* LaunchScreen.storyboard */,
				186C5473280991E400D216BB /* Info.plist */,
			);
			path = "Combine(UIKit)";
			sourceTree = "<group>";
		};
		186C54792809928300D216BB /* Screens */ = {
			isa = PBXGroup;
			children = (
				186C547A2809929700D216BB /* LocationList */,
				41638233D79A4BCA4713F02C /* Locations */,
				78AAD99DF92D429B019951F6 /* SomeLocation */,
			);
			path = Screens;
			sourceTree = "<group>";
		};
		186C547A2809929700D216BB /* LocationList */ = {
			isa = PBXGroup;
			children = (
				18A9FD312809CCBF0011FA26 /* View */,
				18A9FD302809CCB50011FA26 /* ViewModel */,
				18A9FD2D2809BC810011FA26 /* Router */,
				18A9FD342809CCE20011FA26 /* Configurator */,
			);
			path = LocationList;
			sourceTree = "<group>";
		};
		186C54842809999900D216BB /* Repositories */ = {
			isa = PBXGroup;
			children = (
				186C5485280999A000D216BB /* LocationsRepository */,
				186C54912809A65A00D216BB /* ImagesRepository */,
			);
			path = Repositories;
			sourceTree = "<group>";
		};
		186C5485280999A000D216BB /* LocationsRepository */ = {
			isa = PBXGroup;
			children = (
				186C54802809966900D216BB /* Location.swift */,
				186C54822809999300D216BB /* LocationsRepository.swift */,
				186C5486280999AD00D216BB /* LocationsRepositoryProtocol.swift */,
				18A9FD2E2809CB200011FA26 /* LocationsRepositoryError.swift */,
			);
			path = LocationsRepository;
			sourceTree = "<group>";
		};
		186C548C2809A52600D216BB /* LocationCell */ = {
			isa = PBXGroup;
			children = (
				186C54882809A31E00D216BB /* LocationTableViewCell.swift */,
				186C548A2809A52000D216BB /* LocationCellModel.swift */,
			);
			path = LocationCell;
			sourceTree = "<group>";
		};
		186C54912809A65A00D216BB /* ImagesRepository */ = {
			isa = PBXGroup;
			children = (
				186C548D2809A64A00D216BB /* ImagesRepository.swift */,
				186C548F2809A65700D216BB /* ImagesRepositoryProtocol.swift */,
				186C54922809A7F400D216BB /* ImagesRepositoryError.swift */,
			);
			path = ImagesRepository;
			sourceTree = "<group>";
		};
		18A9FD282809BAEA0011FA26 /* Navigation */ = {
			isa = PBXGroup;
			children = (
				18A9FD262809BAE50011FA26 /* Router.swift */,
				18A9FD292809BB130011FA26 /* Step.swift */,
			);
			path = Navigation;
			sourceTree = "<group>";
		};
		18A9FD2D2809BC810011FA26 /* Router */ = {
			isa = PBXGroup;
			children = (
				18A9FD242809BACB0011FA26 /* LocationListRouter.swift */,
				18A9FD2B2809BB7F0011FA26 /* LocationListRouterStep.swift */,
			);
			path = Router;
			sourceTree = "<group>";
		};
		18A9FD302809CCB50011FA26 /* ViewModel */ = {
			isa = PBXGroup;
			children = (
				18A9FD222809B59B0011FA26 /* LocationListViewModelProtocol.swift */,
				186C547E2809936100D216BB /* LocationListViewModel.swift */,
			);
			path = ViewModel;
			sourceTree = "<group>";
		};
		18A9FD312809CCBF0011FA26 /* View */ = {
			isa = PBXGroup;
			children = (
				186C548C2809A52600D216BB /* LocationCell */,
				186C5469280991E100D216BB /* LocationListViewController.swift */,
			);
			path = View;
			sourceTree = "<group>";
		};
		18A9FD342809CCE20011FA26 /* Configurator */ = {
			isa = PBXGroup;
			children = (
				18A9FD322809CCD00011FA26 /* LocationListConfigurator.swift */,
			);
			path = Configurator;
			sourceTree = "<group>";
		};
		41638233D79A4BCA4713F02C /* Locations */ = {
			isa = PBXGroup;
			children = (
				F18B9C3A03419163D0A99C4A /* LocationsView.swift */,
				2812763FB36176CA4AB9B2F6 /* LocationsViewController.swift */,
				3A5A72546D8F35592663CB59 /* LocationsViewUnit.swift */,
				3DF3141885EEA06E89ECD213 /* LocationsViewModel.swift */,
				93C466085C576766E378B4B0 /* LocationsConfigurator.swift */,
			);
			path = Locations;
			sourceTree = "<group>";
		};
		78AAD99DF92D429B019951F6 /* SomeLocation */ = {
			isa = PBXGroup;
			children = (
				6532966CFE22DCEFC8A457A3 /* SomeLocationTableViewCell.swift */,
				95DEA894DB508F3BA9439188 /* SomeLocationTableViewCellViewUnit.swift */,
				1B4CDE1FF9B300DA3DA2EF21 /* SomeLocationTableViewCellViewModel.swift */,
			);
			path = SomeLocation;
			sourceTree = "<group>";
		};
		C32393A7280A307200FF3976 /* Reactive+support */ = {
			isa = PBXGroup;
			children = (
				C323939B280A196900FF3976 /* ReactiveReusable.swift */,
			);
			path = "Reactive+support";
			sourceTree = "<group>";
		};
		C32393AA280A3AA600FF3976 /* Extension */ = {
			isa = PBXGroup;
			children = (
				C32393AE280A3D0700FF3976 /* Foundation+extension */,
				C32393AB280A3B1E00FF3976 /* Combine+extension */,
			);
			path = Extension;
			sourceTree = "<group>";
		};
		C32393AB280A3B1E00FF3976 /* Combine+extension */ = {
			isa = PBXGroup;
			children = (
				C32393AC280A3B7200FF3976 /* Combine+WithLatestFrom.swift */,
				C32393B3280A423E00FF3976 /* Combine+ControlEvent.swift */,
			);
			path = "Combine+extension";
			sourceTree = "<group>";
		};
		C32393AE280A3D0700FF3976 /* Foundation+extension */ = {
			isa = PBXGroup;
			children = (
				C32393AF280A3D5000FF3976 /* Appliable.swift */,
				C32393B1280A3D6A00FF3976 /* Runnable.swift */,
			);
			path = "Foundation+extension";
			sourceTree = "<group>";
		};
		C34F37DE2809ECDB00DC3B63 /* Tools */ = {
			isa = PBXGroup;
			children = (
				C34F37DF2809ECE700DC3B63 /* MVVM+support */,
				C32393A7280A307200FF3976 /* Reactive+support */,
				C32393AA280A3AA600FF3976 /* Extension */,
			);
			path = Tools;
			sourceTree = "<group>";
		};
		C34F37DF2809ECE700DC3B63 /* MVVM+support */ = {
			isa = PBXGroup;
			children = (
				C34F37E02809ED8100DC3B63 /* UnitType.swift */,
				C34F37E22809EDA000DC3B63 /* AnyUnit.swift */,
				C34F37E42809EDC000DC3B63 /* ViewModelBindable.swift */,
				C34F37E62809EDD700DC3B63 /* ViewModelType.swift */,
				C34F37E82809EDFD00DC3B63 /* AnyViewModel.swift */,
				C323939D280A1E0300FF3976 /* EventTrackerType.swift */,
				C323939F280A1E4100FF3976 /* AnyEventTracker.swift */,
			);
			path = "MVVM+support";
			sourceTree = "<group>";
		};
		C34F37EF2809F0F600DC3B63 /* Combine(UIKit)Tests */ = {
			isa = PBXGroup;
			children = (
				C34F37F02809F0F600DC3B63 /* Combine_UIKit_Tests.swift */,
			);
			path = "Combine(UIKit)Tests";
			sourceTree = "<group>";
		};
		C3EC56C82816A889004220FF /* Autogenerated */ = {
			isa = PBXGroup;
			children = (
				C3EC56C92816A8D0004220FF /* Markers.swift */,
				C3EC56CB2816AF17004220FF /* AutoResolveFactoryMethod.generated.swift */,
				C3EC56CD2816BA24004220FF /* AutoAssemblyConst.generated.swift */,
			);
			path = Autogenerated;
			sourceTree = "<group>";
		};
/* End PBXGroup section */

/* Begin PBXNativeTarget section */
		186C5461280991E100D216BB /* Combine(UIKit) */ = {
			isa = PBXNativeTarget;
			buildConfigurationList = 186C5476280991E400D216BB /* Build configuration list for PBXNativeTarget "Combine(UIKit)" */;
			buildPhases = (
				C3EC56C72816A7A1004220FF /* Sourcery */,
				186C545E280991E100D216BB /* Sources */,
				186C545F280991E100D216BB /* Frameworks */,
				186C5460280991E100D216BB /* Resources */,
			);
			buildRules = (
			);
			dependencies = (
			);
			name = "Combine(UIKit)";
			packageProductDependencies = (
				C32393A2280A239600FF3976 /* SnapKit */,
				C3EC56C52816A5F4004220FF /* Swinject */,
			);
			productName = "Combine(UIKit)";
			productReference = 186C5462280991E100D216BB /* Combine(UIKit).app */;
			productType = "com.apple.product-type.application";
		};
		C34F37ED2809F0F600DC3B63 /* Combine(UIKit)Tests */ = {
			isa = PBXNativeTarget;
			buildConfigurationList = C34F37F42809F0F600DC3B63 /* Build configuration list for PBXNativeTarget "Combine(UIKit)Tests" */;
			buildPhases = (
				C34F37EA2809F0F600DC3B63 /* Sources */,
				C34F37EB2809F0F600DC3B63 /* Frameworks */,
				C34F37EC2809F0F600DC3B63 /* Resources */,
			);
			buildRules = (
			);
			dependencies = (
				C34F37F32809F0F600DC3B63 /* PBXTargetDependency */,
			);
			name = "Combine(UIKit)Tests";
			productName = "Combine(UIKit)Tests";
			productReference = C34F37EE2809F0F600DC3B63 /* Combine(UIKit)Tests.xctest */;
			productType = "com.apple.product-type.bundle.unit-test";
		};
/* End PBXNativeTarget section */

/* Begin PBXProject section */
		186C545A280991E100D216BB /* Project object */ = {
			isa = PBXProject;
			attributes = {
				BuildIndependentTargetsInParallel = 1;
				LastSwiftUpdateCheck = 1320;
				LastUpgradeCheck = 1330;
				TargetAttributes = {
					186C5461280991E100D216BB = {
						CreatedOnToolsVersion = 13.3.1;
					};
					C34F37ED2809F0F600DC3B63 = {
						CreatedOnToolsVersion = 13.2.1;
						TestTargetID = 186C5461280991E100D216BB;
					};
				};
			};
			buildConfigurationList = 186C545D280991E100D216BB /* Build configuration list for PBXProject "Combine(UIKit)" */;
			compatibilityVersion = "Xcode 13.0";
			developmentRegion = en;
			hasScannedForEncodings = 0;
			knownRegions = (
				en,
				Base,
			);
			mainGroup = 186C5459280991E100D216BB;
			packageReferences = (
				C32393A1280A239600FF3976 /* XCRemoteSwiftPackageReference "SnapKit" */,
				C3EC56C42816A5F4004220FF /* XCRemoteSwiftPackageReference "Swinject" */,
			);
			productRefGroup = 186C5463280991E100D216BB /* Products */;
			projectDirPath = "";
			projectRoot = "";
			targets = (
				186C5461280991E100D216BB /* Combine(UIKit) */,
				C34F37ED2809F0F600DC3B63 /* Combine(UIKit)Tests */,
			);
		};
/* End PBXProject section */

/* Begin PBXResourcesBuildPhase section */
		186C5460280991E100D216BB /* Resources */ = {
			isa = PBXResourcesBuildPhase;
			buildActionMask = 2147483647;
			files = (
				186C5472280991E400D216BB /* LaunchScreen.storyboard in Resources */,
				186C546F280991E400D216BB /* Assets.xcassets in Resources */,
				186C546D280991E100D216BB /* Main.storyboard in Resources */,
			);
			runOnlyForDeploymentPostprocessing = 0;
		};
		C34F37EC2809F0F600DC3B63 /* Resources */ = {
			isa = PBXResourcesBuildPhase;
			buildActionMask = 2147483647;
			files = (
			);
			runOnlyForDeploymentPostprocessing = 0;
		};
/* End PBXResourcesBuildPhase section */

/* Begin PBXShellScriptBuildPhase section */
		C3EC56C72816A7A1004220FF /* Sourcery */ = {
			isa = PBXShellScriptBuildPhase;
			buildActionMask = 2147483647;
			files = (
			);
			inputFileListPaths = (
			);
			inputPaths = (
			);
			name = Sourcery;
			outputFileListPaths = (
			);
			outputPaths = (
			);
			runOnlyForDeploymentPostprocessing = 0;
			shellPath = /bin/sh;
			shellScript = "# Type a script or drag a script file from your workspace to insert its path.\nexport PATH=\"$PATH:/opt/homebrew/bin\"\nif which sourcery > /dev/null; then\n    sourcery\nelse\n    echo \"install please Sourcery\"\nfi\n";
		};
/* End PBXShellScriptBuildPhase section */

/* Begin PBXSourcesBuildPhase section */
		186C545E280991E100D216BB /* Sources */ = {
			isa = PBXSourcesBuildPhase;
			buildActionMask = 2147483647;
			files = (
				186C548B2809A52000D216BB /* LocationCellModel.swift in Sources */,
				C32393B2280A3D6A00FF3976 /* Runnable.swift in Sources */,
				186C54932809A7F400D216BB /* ImagesRepositoryError.swift in Sources */,
				C32393A0280A1E4100FF3976 /* AnyEventTracker.swift in Sources */,
				18A9FD2F2809CB200011FA26 /* LocationsRepositoryError.swift in Sources */,
				C3EC56CE2816BA24004220FF /* AutoAssemblyConst.generated.swift in Sources */,
				18A9FD2A2809BB130011FA26 /* Step.swift in Sources */,
				C34F37E32809EDA000DC3B63 /* AnyUnit.swift in Sources */,
				18A9FD272809BAE50011FA26 /* Router.swift in Sources */,
				186C54902809A65700D216BB /* ImagesRepositoryProtocol.swift in Sources */,
				C3EC56CC2816AF17004220FF /* AutoResolveFactoryMethod.generated.swift in Sources */,
				186C546A280991E100D216BB /* LocationListViewController.swift in Sources */,
				186C5466280991E100D216BB /* AppDelegate.swift in Sources */,
				18A9FD332809CCD00011FA26 /* LocationListConfigurator.swift in Sources */,
				18A9FD252809BACB0011FA26 /* LocationListRouter.swift in Sources */,
				C34F37E72809EDD700DC3B63 /* ViewModelType.swift in Sources */,
				186C548E2809A64A00D216BB /* ImagesRepository.swift in Sources */,
				C34F37E12809ED8100DC3B63 /* UnitType.swift in Sources */,
				18A9FD2C2809BB7F0011FA26 /* LocationListRouterStep.swift in Sources */,
				186C54832809999300D216BB /* LocationsRepository.swift in Sources */,
				C34F37E52809EDC000DC3B63 /* ViewModelBindable.swift in Sources */,
				C34F37E92809EDFD00DC3B63 /* AnyViewModel.swift in Sources */,
				186C54892809A31E00D216BB /* LocationTableViewCell.swift in Sources */,
				18A9FD232809B59B0011FA26 /* LocationListViewModelProtocol.swift in Sources */,
				186C5487280999AD00D216BB /* LocationsRepositoryProtocol.swift in Sources */,
				C323939C280A196900FF3976 /* ReactiveReusable.swift in Sources */,
				C32393AD280A3B7200FF3976 /* Combine+WithLatestFrom.swift in Sources */,
				C32393B0280A3D5000FF3976 /* Appliable.swift in Sources */,
				186C5468280991E100D216BB /* SceneDelegate.swift in Sources */,
				186C54812809966900D216BB /* Location.swift in Sources */,
				186C547F2809936100D216BB /* LocationListViewModel.swift in Sources */,
				C3EC56CA2816A8D0004220FF /* Markers.swift in Sources */,
				C323939E280A1E0300FF3976 /* EventTrackerType.swift in Sources */,
				4EE267DC88CC9285B1241214 /* SomeLocationTableViewCell.swift in Sources */,
				07D2B317C7A11919CF57E417 /* SomeLocationTableViewCellViewUnit.swift in Sources */,
				C32393B4280A423E00FF3976 /* Combine+ControlEvent.swift in Sources */,
				29D9F8C5474CCEA37E1A2180 /* SomeLocationTableViewCellViewModel.swift in Sources */,
				19501A4BAE9E3FC31FE766CD /* LocationsView.swift in Sources */,
				DE20C815F56F956DD2B82D14 /* LocationsViewController.swift in Sources */,
				338FC4885E2C0EBADECB540F /* LocationsViewUnit.swift in Sources */,
				D331FCEAAC20921F95051CD8 /* LocationsViewModel.swift in Sources */,
				1CD21110676C866389F38C93 /* LocationsConfigurator.swift in Sources */,
			);
			runOnlyForDeploymentPostprocessing = 0;
		};
		C34F37EA2809F0F600DC3B63 /* Sources */ = {
			isa = PBXSourcesBuildPhase;
			buildActionMask = 2147483647;
			files = (
				C34F37F12809F0F600DC3B63 /* Combine_UIKit_Tests.swift in Sources */,
			);
			runOnlyForDeploymentPostprocessing = 0;
		};
/* End PBXSourcesBuildPhase section */

/* Begin PBXTargetDependency section */
		C34F37F32809F0F600DC3B63 /* PBXTargetDependency */ = {
			isa = PBXTargetDependency;
			target = 186C5461280991E100D216BB /* Combine(UIKit) */;
			targetProxy = C34F37F22809F0F600DC3B63 /* PBXContainerItemProxy */;
		};
/* End PBXTargetDependency section */

/* Begin PBXVariantGroup section */
		186C546B280991E100D216BB /* Main.storyboard */ = {
			isa = PBXVariantGroup;
			children = (
				186C546C280991E100D216BB /* Base */,
			);
			name = Main.storyboard;
			sourceTree = "<group>";
		};
		186C5470280991E400D216BB /* LaunchScreen.storyboard */ = {
			isa = PBXVariantGroup;
			children = (
				186C5471280991E400D216BB /* Base */,
			);
			name = LaunchScreen.storyboard;
			sourceTree = "<group>";
		};
/* End PBXVariantGroup section */

/* Begin XCBuildConfiguration section */
		186C5474280991E400D216BB /* Debug */ = {
			isa = XCBuildConfiguration;
			buildSettings = {
				ALWAYS_SEARCH_USER_PATHS = NO;
				CLANG_ANALYZER_NONNULL = YES;
				CLANG_ANALYZER_NUMBER_OBJECT_CONVERSION = YES_AGGRESSIVE;
				CLANG_CXX_LANGUAGE_STANDARD = "gnu++17";
				CLANG_ENABLE_MODULES = YES;
				CLANG_ENABLE_OBJC_ARC = YES;
				CLANG_ENABLE_OBJC_WEAK = YES;
				CLANG_WARN_BLOCK_CAPTURE_AUTORELEASING = YES;
				CLANG_WARN_BOOL_CONVERSION = YES;
				CLANG_WARN_COMMA = YES;
				CLANG_WARN_CONSTANT_CONVERSION = YES;
				CLANG_WARN_DEPRECATED_OBJC_IMPLEMENTATIONS = YES;
				CLANG_WARN_DIRECT_OBJC_ISA_USAGE = YES_ERROR;
				CLANG_WARN_DOCUMENTATION_COMMENTS = YES;
				CLANG_WARN_EMPTY_BODY = YES;
				CLANG_WARN_ENUM_CONVERSION = YES;
				CLANG_WARN_INFINITE_RECURSION = YES;
				CLANG_WARN_INT_CONVERSION = YES;
				CLANG_WARN_NON_LITERAL_NULL_CONVERSION = YES;
				CLANG_WARN_OBJC_IMPLICIT_RETAIN_SELF = YES;
				CLANG_WARN_OBJC_LITERAL_CONVERSION = YES;
				CLANG_WARN_OBJC_ROOT_CLASS = YES_ERROR;
				CLANG_WARN_QUOTED_INCLUDE_IN_FRAMEWORK_HEADER = YES;
				CLANG_WARN_RANGE_LOOP_ANALYSIS = YES;
				CLANG_WARN_STRICT_PROTOTYPES = YES;
				CLANG_WARN_SUSPICIOUS_MOVE = YES;
				CLANG_WARN_UNGUARDED_AVAILABILITY = YES_AGGRESSIVE;
				CLANG_WARN_UNREACHABLE_CODE = YES;
				CLANG_WARN__DUPLICATE_METHOD_MATCH = YES;
				COPY_PHASE_STRIP = NO;
				DEBUG_INFORMATION_FORMAT = dwarf;
				ENABLE_STRICT_OBJC_MSGSEND = YES;
				ENABLE_TESTABILITY = YES;
				GCC_C_LANGUAGE_STANDARD = gnu11;
				GCC_DYNAMIC_NO_PIC = NO;
				GCC_NO_COMMON_BLOCKS = YES;
				GCC_OPTIMIZATION_LEVEL = 0;
				GCC_PREPROCESSOR_DEFINITIONS = (
					"DEBUG=1",
					"$(inherited)",
				);
				GCC_WARN_64_TO_32_BIT_CONVERSION = YES;
				GCC_WARN_ABOUT_RETURN_TYPE = YES_ERROR;
				GCC_WARN_UNDECLARED_SELECTOR = YES;
				GCC_WARN_UNINITIALIZED_AUTOS = YES_AGGRESSIVE;
				GCC_WARN_UNUSED_FUNCTION = YES;
				GCC_WARN_UNUSED_VARIABLE = YES;
				IPHONEOS_DEPLOYMENT_TARGET = 15.4;
				MTL_ENABLE_DEBUG_INFO = INCLUDE_SOURCE;
				MTL_FAST_MATH = YES;
				ONLY_ACTIVE_ARCH = YES;
				SDKROOT = iphoneos;
				SWIFT_ACTIVE_COMPILATION_CONDITIONS = DEBUG;
				SWIFT_OPTIMIZATION_LEVEL = "-Onone";
			};
			name = Debug;
		};
		186C5475280991E400D216BB /* Release */ = {
			isa = XCBuildConfiguration;
			buildSettings = {
				ALWAYS_SEARCH_USER_PATHS = NO;
				CLANG_ANALYZER_NONNULL = YES;
				CLANG_ANALYZER_NUMBER_OBJECT_CONVERSION = YES_AGGRESSIVE;
				CLANG_CXX_LANGUAGE_STANDARD = "gnu++17";
				CLANG_ENABLE_MODULES = YES;
				CLANG_ENABLE_OBJC_ARC = YES;
				CLANG_ENABLE_OBJC_WEAK = YES;
				CLANG_WARN_BLOCK_CAPTURE_AUTORELEASING = YES;
				CLANG_WARN_BOOL_CONVERSION = YES;
				CLANG_WARN_COMMA = YES;
				CLANG_WARN_CONSTANT_CONVERSION = YES;
				CLANG_WARN_DEPRECATED_OBJC_IMPLEMENTATIONS = YES;
				CLANG_WARN_DIRECT_OBJC_ISA_USAGE = YES_ERROR;
				CLANG_WARN_DOCUMENTATION_COMMENTS = YES;
				CLANG_WARN_EMPTY_BODY = YES;
				CLANG_WARN_ENUM_CONVERSION = YES;
				CLANG_WARN_INFINITE_RECURSION = YES;
				CLANG_WARN_INT_CONVERSION = YES;
				CLANG_WARN_NON_LITERAL_NULL_CONVERSION = YES;
				CLANG_WARN_OBJC_IMPLICIT_RETAIN_SELF = YES;
				CLANG_WARN_OBJC_LITERAL_CONVERSION = YES;
				CLANG_WARN_OBJC_ROOT_CLASS = YES_ERROR;
				CLANG_WARN_QUOTED_INCLUDE_IN_FRAMEWORK_HEADER = YES;
				CLANG_WARN_RANGE_LOOP_ANALYSIS = YES;
				CLANG_WARN_STRICT_PROTOTYPES = YES;
				CLANG_WARN_SUSPICIOUS_MOVE = YES;
				CLANG_WARN_UNGUARDED_AVAILABILITY = YES_AGGRESSIVE;
				CLANG_WARN_UNREACHABLE_CODE = YES;
				CLANG_WARN__DUPLICATE_METHOD_MATCH = YES;
				COPY_PHASE_STRIP = NO;
				DEBUG_INFORMATION_FORMAT = "dwarf-with-dsym";
				ENABLE_NS_ASSERTIONS = NO;
				ENABLE_STRICT_OBJC_MSGSEND = YES;
				GCC_C_LANGUAGE_STANDARD = gnu11;
				GCC_NO_COMMON_BLOCKS = YES;
				GCC_WARN_64_TO_32_BIT_CONVERSION = YES;
				GCC_WARN_ABOUT_RETURN_TYPE = YES_ERROR;
				GCC_WARN_UNDECLARED_SELECTOR = YES;
				GCC_WARN_UNINITIALIZED_AUTOS = YES_AGGRESSIVE;
				GCC_WARN_UNUSED_FUNCTION = YES;
				GCC_WARN_UNUSED_VARIABLE = YES;
				IPHONEOS_DEPLOYMENT_TARGET = 15.4;
				MTL_ENABLE_DEBUG_INFO = NO;
				MTL_FAST_MATH = YES;
				SDKROOT = iphoneos;
				SWIFT_COMPILATION_MODE = wholemodule;
				SWIFT_OPTIMIZATION_LEVEL = "-O";
				VALIDATE_PRODUCT = YES;
			};
			name = Release;
		};
		186C5477280991E400D216BB /* Debug */ = {
			isa = XCBuildConfiguration;
			buildSettings = {
				ASSETCATALOG_COMPILER_APPICON_NAME = AppIcon;
				ASSETCATALOG_COMPILER_GLOBAL_ACCENT_COLOR_NAME = AccentColor;
				CODE_SIGN_STYLE = Automatic;
				CURRENT_PROJECT_VERSION = 1;
				DEVELOPMENT_TEAM = M5CCPXL69A;
				GENERATE_INFOPLIST_FILE = YES;
				INFOPLIST_FILE = "Combine(UIKit)/Info.plist";
				INFOPLIST_KEY_UIApplicationSupportsIndirectInputEvents = YES;
				INFOPLIST_KEY_UILaunchStoryboardName = LaunchScreen;
				INFOPLIST_KEY_UIMainStoryboardFile = Main;
				INFOPLIST_KEY_UISupportedInterfaceOrientations = "";
				INFOPLIST_KEY_UISupportedInterfaceOrientations_iPad = "UIInterfaceOrientationPortrait UIInterfaceOrientationPortraitUpsideDown UIInterfaceOrientationLandscapeLeft UIInterfaceOrientationLandscapeRight";
				INFOPLIST_KEY_UISupportedInterfaceOrientations_iPhone = "UIInterfaceOrientationPortrait UIInterfaceOrientationLandscapeLeft UIInterfaceOrientationLandscapeRight";
				IPHONEOS_DEPLOYMENT_TARGET = 13.0;
				LD_RUNPATH_SEARCH_PATHS = (
					"$(inherited)",
					"@executable_path/Frameworks",
				);
				MARKETING_VERSION = 1.0;
				PRODUCT_BUNDLE_IDENTIFIER = "test.ruzmanov.Combine-UIKit-";
				PRODUCT_NAME = "$(TARGET_NAME)";
				SWIFT_EMIT_LOC_STRINGS = YES;
				SWIFT_VERSION = 5.0;
				TARGETED_DEVICE_FAMILY = 1;
			};
			name = Debug;
		};
		186C5478280991E400D216BB /* Release */ = {
			isa = XCBuildConfiguration;
			buildSettings = {
				ASSETCATALOG_COMPILER_APPICON_NAME = AppIcon;
				ASSETCATALOG_COMPILER_GLOBAL_ACCENT_COLOR_NAME = AccentColor;
				CODE_SIGN_STYLE = Automatic;
				CURRENT_PROJECT_VERSION = 1;
				DEVELOPMENT_TEAM = M5CCPXL69A;
				GENERATE_INFOPLIST_FILE = YES;
				INFOPLIST_FILE = "Combine(UIKit)/Info.plist";
				INFOPLIST_KEY_UIApplicationSupportsIndirectInputEvents = YES;
				INFOPLIST_KEY_UILaunchStoryboardName = LaunchScreen;
				INFOPLIST_KEY_UIMainStoryboardFile = Main;
				INFOPLIST_KEY_UISupportedInterfaceOrientations = "";
				INFOPLIST_KEY_UISupportedInterfaceOrientations_iPad = "UIInterfaceOrientationPortrait UIInterfaceOrientationPortraitUpsideDown UIInterfaceOrientationLandscapeLeft UIInterfaceOrientationLandscapeRight";
				INFOPLIST_KEY_UISupportedInterfaceOrientations_iPhone = "UIInterfaceOrientationPortrait UIInterfaceOrientationLandscapeLeft UIInterfaceOrientationLandscapeRight";
				IPHONEOS_DEPLOYMENT_TARGET = 13.0;
				LD_RUNPATH_SEARCH_PATHS = (
					"$(inherited)",
					"@executable_path/Frameworks",
				);
				MARKETING_VERSION = 1.0;
				PRODUCT_BUNDLE_IDENTIFIER = "test.ruzmanov.Combine-UIKit-";
				PRODUCT_NAME = "$(TARGET_NAME)";
				SWIFT_EMIT_LOC_STRINGS = YES;
				SWIFT_VERSION = 5.0;
				TARGETED_DEVICE_FAMILY = 1;
			};
			name = Release;
		};
		C34F37F52809F0F600DC3B63 /* Debug */ = {
			isa = XCBuildConfiguration;
			buildSettings = {
				BUNDLE_LOADER = "$(TEST_HOST)";
				CLANG_CXX_LIBRARY = "libc++";
				CODE_SIGN_STYLE = Automatic;
				CURRENT_PROJECT_VERSION = 1;
				GENERATE_INFOPLIST_FILE = YES;
				IPHONEOS_DEPLOYMENT_TARGET = 15.2;
				MARKETING_VERSION = 1.0;
				PRODUCT_BUNDLE_IDENTIFIER = "ew.Combine-UIKit-Tests";
				PRODUCT_NAME = "$(TARGET_NAME)";
				SWIFT_EMIT_LOC_STRINGS = NO;
				SWIFT_VERSION = 5.0;
				TARGETED_DEVICE_FAMILY = "1,2";
				TEST_HOST = "$(BUILT_PRODUCTS_DIR)/Combine(UIKit).app/Combine(UIKit)";
			};
			name = Debug;
		};
		C34F37F62809F0F600DC3B63 /* Release */ = {
			isa = XCBuildConfiguration;
			buildSettings = {
				BUNDLE_LOADER = "$(TEST_HOST)";
				CLANG_CXX_LIBRARY = "libc++";
				CODE_SIGN_STYLE = Automatic;
				CURRENT_PROJECT_VERSION = 1;
				GENERATE_INFOPLIST_FILE = YES;
				IPHONEOS_DEPLOYMENT_TARGET = 15.2;
				MARKETING_VERSION = 1.0;
				PRODUCT_BUNDLE_IDENTIFIER = "ew.Combine-UIKit-Tests";
				PRODUCT_NAME = "$(TARGET_NAME)";
				SWIFT_EMIT_LOC_STRINGS = NO;
				SWIFT_VERSION = 5.0;
				TARGETED_DEVICE_FAMILY = "1,2";
				TEST_HOST = "$(BUILT_PRODUCTS_DIR)/Combine(UIKit).app/Combine(UIKit)";
			};
			name = Release;
		};
/* End XCBuildConfiguration section */

/* Begin XCConfigurationList section */
		186C545D280991E100D216BB /* Build configuration list for PBXProject "Combine(UIKit)" */ = {
			isa = XCConfigurationList;
			buildConfigurations = (
				186C5474280991E400D216BB /* Debug */,
				186C5475280991E400D216BB /* Release */,
			);
			defaultConfigurationIsVisible = 0;
			defaultConfigurationName = Release;
		};
		186C5476280991E400D216BB /* Build configuration list for PBXNativeTarget "Combine(UIKit)" */ = {
			isa = XCConfigurationList;
			buildConfigurations = (
				186C5477280991E400D216BB /* Debug */,
				186C5478280991E400D216BB /* Release */,
			);
			defaultConfigurationIsVisible = 0;
			defaultConfigurationName = Release;
		};
		C34F37F42809F0F600DC3B63 /* Build configuration list for PBXNativeTarget "Combine(UIKit)Tests" */ = {
			isa = XCConfigurationList;
			buildConfigurations = (
				C34F37F52809F0F600DC3B63 /* Debug */,
				C34F37F62809F0F600DC3B63 /* Release */,
			);
			defaultConfigurationIsVisible = 0;
			defaultConfigurationName = Release;
		};
/* End XCConfigurationList section */

/* Begin XCRemoteSwiftPackageReference section */
		C32393A1280A239600FF3976 /* XCRemoteSwiftPackageReference "SnapKit" */ = {
			isa = XCRemoteSwiftPackageReference;
			repositoryURL = "https://github.com/SnapKit/SnapKit.git";
			requirement = {
				kind = upToNextMajorVersion;
				minimumVersion = 5.0.0;
			};
		};
		C3EC56C42816A5F4004220FF /* XCRemoteSwiftPackageReference "Swinject" */ = {
			isa = XCRemoteSwiftPackageReference;
			repositoryURL = "https://github.com/Swinject/Swinject.git";
			requirement = {
				kind = upToNextMajorVersion;
				minimumVersion = 2.0.0;
			};
		};
/* End XCRemoteSwiftPackageReference section */

/* Begin XCSwiftPackageProductDependency section */
		C32393A2280A239600FF3976 /* SnapKit */ = {
			isa = XCSwiftPackageProductDependency;
			package = C32393A1280A239600FF3976 /* XCRemoteSwiftPackageReference "SnapKit" */;
			productName = SnapKit;
		};
		C3EC56C52816A5F4004220FF /* Swinject */ = {
			isa = XCSwiftPackageProductDependency;
			package = C3EC56C42816A5F4004220FF /* XCRemoteSwiftPackageReference "Swinject" */;
			productName = Swinject;
		};
/* End XCSwiftPackageProductDependency section */
	};
	rootObject = 186C545A280991E100D216BB /* Project object */;
}
